// !$*UTF8*$!
{
	archiveVersion = 1;
	classes = {
	};
	objectVersion = 46;
	objects = {

/* Begin PBXBuildFile section */
		7B1FFB121E68445B001E68D9 /* RecommandViewModel.swift in Sources */ = {isa = PBXBuildFile; fileRef = 7B1FFB111E68445B001E68D9 /* RecommandViewModel.swift */; };
		7B1FFB141E684C33001E68D9 /* NSDate-Extension.swift in Sources */ = {isa = PBXBuildFile; fileRef = 7B1FFB131E684C33001E68D9 /* NSDate-Extension.swift */; };
		7B1FFB161E684FB5001E68D9 /* AnchroGroup.swift in Sources */ = {isa = PBXBuildFile; fileRef = 7B1FFB151E684FB5001E68D9 /* AnchroGroup.swift */; };
		7B1FFB181E68540C001E68D9 /* AnchroModel.swift in Sources */ = {isa = PBXBuildFile; fileRef = 7B1FFB171E68540C001E68D9 /* AnchroModel.swift */; };
		7B6032E91E62A89700EF76AB /* Home.storyboard in Resources */ = {isa = PBXBuildFile; fileRef = 7B6032E71E62A89700EF76AB /* Home.storyboard */; };
		7B6032EC1E62A8D700EF76AB /* Live.storyboard in Resources */ = {isa = PBXBuildFile; fileRef = 7B6032EA1E62A8D700EF76AB /* Live.storyboard */; };
		7B6032EF1E62A8F300EF76AB /* Profile.storyboard in Resources */ = {isa = PBXBuildFile; fileRef = 7B6032ED1E62A8F300EF76AB /* Profile.storyboard */; };
		7B6032F21E62A90400EF76AB /* Mine.storyboard in Resources */ = {isa = PBXBuildFile; fileRef = 7B6032F01E62A90400EF76AB /* Mine.storyboard */; };
		7B6032FC1E62AA1E00EF76AB /* MineViewController.swift in Sources */ = {isa = PBXBuildFile; fileRef = 7B6032FB1E62AA1E00EF76AB /* MineViewController.swift */; };
		7B6033031E62BD1800EF76AB /* HomeViewController.swift in Sources */ = {isa = PBXBuildFile; fileRef = 7B6033001E62BD1800EF76AB /* HomeViewController.swift */; };
		7B6033081E62BD5400EF76AB /* LiveViewController.swift in Sources */ = {isa = PBXBuildFile; fileRef = 7B6033051E62BD5400EF76AB /* LiveViewController.swift */; };
		7B60330D1E62BD9B00EF76AB /* MainViewController.swift in Sources */ = {isa = PBXBuildFile; fileRef = 7B60330A1E62BD9B00EF76AB /* MainViewController.swift */; };
		7B6033121E62BDAF00EF76AB /* ProfileViewController.swift in Sources */ = {isa = PBXBuildFile; fileRef = 7B60330F1E62BDAF00EF76AB /* ProfileViewController.swift */; };
		7B6033151E62BDC500EF76AB /* UIBarButtonItem-Extension.swift in Sources */ = {isa = PBXBuildFile; fileRef = 7B6033141E62BDC500EF76AB /* UIBarButtonItem-Extension.swift */; };
		7B6033171E62C2D100EF76AB /* PageTitleView.swift in Sources */ = {isa = PBXBuildFile; fileRef = 7B6033161E62C2D100EF76AB /* PageTitleView.swift */; };
		7B6033191E62C44300EF76AB /* Common.swift in Sources */ = {isa = PBXBuildFile; fileRef = 7B6033181E62C44300EF76AB /* Common.swift */; };
		7B60331B1E6300AB00EF76AB /* PageContentView.swift in Sources */ = {isa = PBXBuildFile; fileRef = 7B60331A1E6300AB00EF76AB /* PageContentView.swift */; };
		7B60331D1E630D4600EF76AB /* UIColor-Extension.swift in Sources */ = {isa = PBXBuildFile; fileRef = 7B60331C1E630D4600EF76AB /* UIColor-Extension.swift */; };
		7B60331F1E646B7D00EF76AB /* RecommandVC.swift in Sources */ = {isa = PBXBuildFile; fileRef = 7B60331E1E646B7D00EF76AB /* RecommandVC.swift */; };
		7B6033221E6474AB00EF76AB /* CollectionHeaderView.swift in Sources */ = {isa = PBXBuildFile; fileRef = 7B6033201E6474AB00EF76AB /* CollectionHeaderView.swift */; };
		7B6033231E6474AB00EF76AB /* CollectionHeaderView.xib in Resources */ = {isa = PBXBuildFile; fileRef = 7B6033211E6474AB00EF76AB /* CollectionHeaderView.xib */; };
		7B60332A1E65B8C200EF76AB /* CollectionNormalCell.swift in Sources */ = {isa = PBXBuildFile; fileRef = 7B6033281E65B8C200EF76AB /* CollectionNormalCell.swift */; };
		7B60332B1E65B8C200EF76AB /* CollectionNormalCell.xib in Resources */ = {isa = PBXBuildFile; fileRef = 7B6033291E65B8C200EF76AB /* CollectionNormalCell.xib */; };
		7B60332E1E65BE8E00EF76AB /* CollectionPrettyCell.swift in Sources */ = {isa = PBXBuildFile; fileRef = 7B60332C1E65BE8E00EF76AB /* CollectionPrettyCell.swift */; };
		7B60332F1E65BE8E00EF76AB /* CollectionPrettyCell.xib in Resources */ = {isa = PBXBuildFile; fileRef = 7B60332D1E65BE8E00EF76AB /* CollectionPrettyCell.xib */; };
		7B6033731E67152B00EF76AB /* NetworkTool.swift in Sources */ = {isa = PBXBuildFile; fileRef = 7B6033721E67152B00EF76AB /* NetworkTool.swift */; };
		7BE63B7B1E226F8B006B68D8 /* AppDelegate.swift in Sources */ = {isa = PBXBuildFile; fileRef = 7BE63B7A1E226F8B006B68D8 /* AppDelegate.swift */; };
		7BE63B801E226F8D006B68D8 /* Main.storyboard in Resources */ = {isa = PBXBuildFile; fileRef = 7BE63B7E1E226F8D006B68D8 /* Main.storyboard */; };
		7BE63B851E226F8F006B68D8 /* Assets.xcassets in Resources */ = {isa = PBXBuildFile; fileRef = 7BE63B841E226F8F006B68D8 /* Assets.xcassets */; };
		7BED303D1E6B222200A4EBF8 /* CollectionBaseCell.swift in Sources */ = {isa = PBXBuildFile; fileRef = 7BED303C1E6B222200A4EBF8 /* CollectionBaseCell.swift */; };
		7BED303F1E6BACB500A4EBF8 /* RecommandCycleView.swift in Sources */ = {isa = PBXBuildFile; fileRef = 7BED303E1E6BACB500A4EBF8 /* RecommandCycleView.swift */; };
		7BED30411E6BACD600A4EBF8 /* RecommandCycleView.xib in Resources */ = {isa = PBXBuildFile; fileRef = 7BED30401E6BACD600A4EBF8 /* RecommandCycleView.xib */; };
		7BED30431E6C37EF00A4EBF8 /* CycleModel.swift in Sources */ = {isa = PBXBuildFile; fileRef = 7BED30421E6C37EF00A4EBF8 /* CycleModel.swift */; };
		7BED30461E6C442700A4EBF8 /* CycleCell.swift in Sources */ = {isa = PBXBuildFile; fileRef = 7BED30441E6C442700A4EBF8 /* CycleCell.swift */; };
		7BED30471E6C442700A4EBF8 /* CycleCell.xib in Resources */ = {isa = PBXBuildFile; fileRef = 7BED30451E6C442700A4EBF8 /* CycleCell.xib */; };
		B67AA10FB29F907CA504273B /* Pods_DYTest.framework in Frameworks */ = {isa = PBXBuildFile; fileRef = 76B63B6C476A17C5D14A3887 /* Pods_DYTest.framework */; };
/* End PBXBuildFile section */

/* Begin PBXFileReference section */
		1EE860440E34601B000DF8CF /* Pods-DYTest.release.xcconfig */ = {isa = PBXFileReference; includeInIndex = 1; lastKnownFileType = text.xcconfig; name = "Pods-DYTest.release.xcconfig"; path = "Pods/Target Support Files/Pods-DYTest/Pods-DYTest.release.xcconfig"; sourceTree = "<group>"; };
		76B63B6C476A17C5D14A3887 /* Pods_DYTest.framework */ = {isa = PBXFileReference; explicitFileType = wrapper.framework; includeInIndex = 0; path = Pods_DYTest.framework; sourceTree = BUILT_PRODUCTS_DIR; };
		7B1FFB111E68445B001E68D9 /* RecommandViewModel.swift */ = {isa = PBXFileReference; fileEncoding = 4; lastKnownFileType = sourcecode.swift; path = RecommandViewModel.swift; sourceTree = "<group>"; };
		7B1FFB131E684C33001E68D9 /* NSDate-Extension.swift */ = {isa = PBXFileReference; fileEncoding = 4; lastKnownFileType = sourcecode.swift; path = "NSDate-Extension.swift"; sourceTree = "<group>"; };
		7B1FFB151E684FB5001E68D9 /* AnchroGroup.swift */ = {isa = PBXFileReference; fileEncoding = 4; lastKnownFileType = sourcecode.swift; path = AnchroGroup.swift; sourceTree = "<group>"; };
		7B1FFB171E68540C001E68D9 /* AnchroModel.swift */ = {isa = PBXFileReference; fileEncoding = 4; lastKnownFileType = sourcecode.swift; path = AnchroModel.swift; sourceTree = "<group>"; };
		7B6032E81E62A89700EF76AB /* Base */ = {isa = PBXFileReference; lastKnownFileType = file.storyboard; name = Base; path = DYTest/Base.lproj/Home.storyboard; sourceTree = SOURCE_ROOT; };
		7B6032EB1E62A8D700EF76AB /* Base */ = {isa = PBXFileReference; lastKnownFileType = file.storyboard; name = Base; path = DYTest/Base.lproj/Live.storyboard; sourceTree = SOURCE_ROOT; };
		7B6032EE1E62A8F300EF76AB /* Base */ = {isa = PBXFileReference; lastKnownFileType = file.storyboard; name = Base; path = DYTest/Base.lproj/Profile.storyboard; sourceTree = SOURCE_ROOT; };
		7B6032F11E62A90400EF76AB /* Base */ = {isa = PBXFileReference; lastKnownFileType = file.storyboard; name = Base; path = DYTest/Base.lproj/Mine.storyboard; sourceTree = SOURCE_ROOT; };
		7B6032FB1E62AA1E00EF76AB /* MineViewController.swift */ = {isa = PBXFileReference; fileEncoding = 4; lastKnownFileType = sourcecode.swift; path = MineViewController.swift; sourceTree = "<group>"; };
		7B6033001E62BD1800EF76AB /* HomeViewController.swift */ = {isa = PBXFileReference; fileEncoding = 4; lastKnownFileType = sourcecode.swift; path = HomeViewController.swift; sourceTree = "<group>"; };
		7B6033051E62BD5400EF76AB /* LiveViewController.swift */ = {isa = PBXFileReference; fileEncoding = 4; lastKnownFileType = sourcecode.swift; path = LiveViewController.swift; sourceTree = "<group>"; };
		7B60330A1E62BD9B00EF76AB /* MainViewController.swift */ = {isa = PBXFileReference; fileEncoding = 4; lastKnownFileType = sourcecode.swift; path = MainViewController.swift; sourceTree = "<group>"; };
		7B60330F1E62BDAF00EF76AB /* ProfileViewController.swift */ = {isa = PBXFileReference; fileEncoding = 4; lastKnownFileType = sourcecode.swift; path = ProfileViewController.swift; sourceTree = "<group>"; };
		7B6033141E62BDC500EF76AB /* UIBarButtonItem-Extension.swift */ = {isa = PBXFileReference; fileEncoding = 4; lastKnownFileType = sourcecode.swift; path = "UIBarButtonItem-Extension.swift"; sourceTree = "<group>"; };
		7B6033161E62C2D100EF76AB /* PageTitleView.swift */ = {isa = PBXFileReference; fileEncoding = 4; lastKnownFileType = sourcecode.swift; path = PageTitleView.swift; sourceTree = "<group>"; };
		7B6033181E62C44300EF76AB /* Common.swift */ = {isa = PBXFileReference; fileEncoding = 4; lastKnownFileType = sourcecode.swift; path = Common.swift; sourceTree = "<group>"; };
		7B60331A1E6300AB00EF76AB /* PageContentView.swift */ = {isa = PBXFileReference; fileEncoding = 4; lastKnownFileType = sourcecode.swift; path = PageContentView.swift; sourceTree = "<group>"; };
		7B60331C1E630D4600EF76AB /* UIColor-Extension.swift */ = {isa = PBXFileReference; fileEncoding = 4; lastKnownFileType = sourcecode.swift; path = "UIColor-Extension.swift"; sourceTree = "<group>"; };
		7B60331E1E646B7D00EF76AB /* RecommandVC.swift */ = {isa = PBXFileReference; fileEncoding = 4; lastKnownFileType = sourcecode.swift; path = RecommandVC.swift; sourceTree = "<group>"; };
		7B6033201E6474AB00EF76AB /* CollectionHeaderView.swift */ = {isa = PBXFileReference; fileEncoding = 4; lastKnownFileType = sourcecode.swift; path = CollectionHeaderView.swift; sourceTree = "<group>"; };
		7B6033211E6474AB00EF76AB /* CollectionHeaderView.xib */ = {isa = PBXFileReference; fileEncoding = 4; lastKnownFileType = file.xib; path = CollectionHeaderView.xib; sourceTree = "<group>"; };
		7B6033281E65B8C200EF76AB /* CollectionNormalCell.swift */ = {isa = PBXFileReference; fileEncoding = 4; lastKnownFileType = sourcecode.swift; path = CollectionNormalCell.swift; sourceTree = "<group>"; };
		7B6033291E65B8C200EF76AB /* CollectionNormalCell.xib */ = {isa = PBXFileReference; fileEncoding = 4; lastKnownFileType = file.xib; path = CollectionNormalCell.xib; sourceTree = "<group>"; };
		7B60332C1E65BE8E00EF76AB /* CollectionPrettyCell.swift */ = {isa = PBXFileReference; fileEncoding = 4; lastKnownFileType = sourcecode.swift; path = CollectionPrettyCell.swift; sourceTree = "<group>"; };
		7B60332D1E65BE8E00EF76AB /* CollectionPrettyCell.xib */ = {isa = PBXFileReference; fileEncoding = 4; lastKnownFileType = file.xib; path = CollectionPrettyCell.xib; sourceTree = "<group>"; };
		7B6033721E67152B00EF76AB /* NetworkTool.swift */ = {isa = PBXFileReference; fileEncoding = 4; lastKnownFileType = sourcecode.swift; path = NetworkTool.swift; sourceTree = "<group>"; };
		7BE63B771E226F8B006B68D8 /* DYTest.app */ = {isa = PBXFileReference; explicitFileType = wrapper.application; includeInIndex = 0; path = DYTest.app; sourceTree = BUILT_PRODUCTS_DIR; };
		7BE63B7A1E226F8B006B68D8 /* AppDelegate.swift */ = {isa = PBXFileReference; lastKnownFileType = sourcecode.swift; path = AppDelegate.swift; sourceTree = "<group>"; };
		7BE63B7F1E226F8D006B68D8 /* Base */ = {isa = PBXFileReference; lastKnownFileType = file.storyboard; name = Base; path = Base.lproj/Main.storyboard; sourceTree = "<group>"; };
		7BE63B841E226F8F006B68D8 /* Assets.xcassets */ = {isa = PBXFileReference; lastKnownFileType = folder.assetcatalog; path = Assets.xcassets; sourceTree = "<group>"; };
		7BE63B891E226F90006B68D8 /* Info.plist */ = {isa = PBXFileReference; lastKnownFileType = text.plist.xml; path = Info.plist; sourceTree = "<group>"; };
		7BED303C1E6B222200A4EBF8 /* CollectionBaseCell.swift */ = {isa = PBXFileReference; fileEncoding = 4; lastKnownFileType = sourcecode.swift; path = CollectionBaseCell.swift; sourceTree = "<group>"; };
		7BED303E1E6BACB500A4EBF8 /* RecommandCycleView.swift */ = {isa = PBXFileReference; fileEncoding = 4; lastKnownFileType = sourcecode.swift; path = RecommandCycleView.swift; sourceTree = "<group>"; };
		7BED30401E6BACD600A4EBF8 /* RecommandCycleView.xib */ = {isa = PBXFileReference; fileEncoding = 4; lastKnownFileType = file.xib; path = RecommandCycleView.xib; sourceTree = "<group>"; };
		7BED30421E6C37EF00A4EBF8 /* CycleModel.swift */ = {isa = PBXFileReference; fileEncoding = 4; lastKnownFileType = sourcecode.swift; path = CycleModel.swift; sourceTree = "<group>"; };
		7BED30441E6C442700A4EBF8 /* CycleCell.swift */ = {isa = PBXFileReference; fileEncoding = 4; lastKnownFileType = sourcecode.swift; path = CycleCell.swift; sourceTree = "<group>"; };
		7BED30451E6C442700A4EBF8 /* CycleCell.xib */ = {isa = PBXFileReference; fileEncoding = 4; lastKnownFileType = file.xib; path = CycleCell.xib; sourceTree = "<group>"; };
		F88325063ABE28390AC49A0F /* Pods-DYTest.debug.xcconfig */ = {isa = PBXFileReference; includeInIndex = 1; lastKnownFileType = text.xcconfig; name = "Pods-DYTest.debug.xcconfig"; path = "Pods/Target Support Files/Pods-DYTest/Pods-DYTest.debug.xcconfig"; sourceTree = "<group>"; };
/* End PBXFileReference section */

/* Begin PBXFrameworksBuildPhase section */
		7BE63B741E226F8B006B68D8 /* Frameworks */ = {
			isa = PBXFrameworksBuildPhase;
			buildActionMask = 2147483647;
			files = (
				B67AA10FB29F907CA504273B /* Pods_DYTest.framework in Frameworks */,
			);
			runOnlyForDeploymentPostprocessing = 0;
		};
/* End PBXFrameworksBuildPhase section */

/* Begin PBXGroup section */
		0FFBB377E94795DC9D0657D0 /* Frameworks */ = {
			isa = PBXGroup;
			children = (
				76B63B6C476A17C5D14A3887 /* Pods_DYTest.framework */,
			);
			name = Frameworks;
			sourceTree = "<group>";
		};
		7B1FFB081E684417001E68D9 /* ViewModel */ = {
			isa = PBXGroup;
			children = (
				7B1FFB111E68445B001E68D9 /* RecommandViewModel.swift */,
			);
			path = ViewModel;
			sourceTree = "<group>";
		};
		7B6032E01E629B5E00EF76AB /* Classes */ = {
			isa = PBXGroup;
			children = (
				7B6032E61E629BB500EF76AB /* Main */,
				7B6032E11E629B5E00EF76AB /* Home */,
				7B6032E21E629B5E00EF76AB /* Live */,
				7B6032E41E629B5E00EF76AB /* Profile */,
				7B6032E31E629B5E00EF76AB /* Mine */,
				7B6032E51E629B5E00EF76AB /* Tool */,
				7B60334E1E6714C400EF76AB /* Lib */,
			);
			path = Classes;
			sourceTree = "<group>";
		};
		7B6032E11E629B5E00EF76AB /* Home */ = {
			isa = PBXGroup;
			children = (
				7B1FFB081E684417001E68D9 /* ViewModel */,
				7B6032FF1E62BD1800EF76AB /* Controller */,
				7B6033011E62BD1800EF76AB /* Model */,
				7B6033021E62BD1800EF76AB /* View */,
			);
			path = Home;
			sourceTree = "<group>";
		};
		7B6032E21E629B5E00EF76AB /* Live */ = {
			isa = PBXGroup;
			children = (
				7B6033041E62BD5400EF76AB /* Controller */,
				7B6033061E62BD5400EF76AB /* Model */,
				7B6033071E62BD5400EF76AB /* View */,
			);
			path = Live;
			sourceTree = "<group>";
		};
		7B6032E31E629B5E00EF76AB /* Mine */ = {
			isa = PBXGroup;
			children = (
				7B6032F01E62A90400EF76AB /* Mine.storyboard */,
				7B6032FB1E62AA1E00EF76AB /* MineViewController.swift */,
			);
			path = Mine;
			sourceTree = "<group>";
		};
		7B6032E41E629B5E00EF76AB /* Profile */ = {
			isa = PBXGroup;
			children = (
				7B60330E1E62BDAF00EF76AB /* Controller */,
				7B6033101E62BDAF00EF76AB /* Model */,
				7B6033111E62BDAF00EF76AB /* View */,
			);
			path = Profile;
			sourceTree = "<group>";
		};
		7B6032E51E629B5E00EF76AB /* Tool */ = {
			isa = PBXGroup;
			children = (
				7B6033131E62BDC500EF76AB /* Extension */,
				7B6033181E62C44300EF76AB /* Common.swift */,
				7B6033721E67152B00EF76AB /* NetworkTool.swift */,
				7B1FFB131E684C33001E68D9 /* NSDate-Extension.swift */,
			);
			path = Tool;
			sourceTree = "<group>";
		};
		7B6032E61E629BB500EF76AB /* Main */ = {
			isa = PBXGroup;
			children = (
				7B6033091E62BD9B00EF76AB /* Controller */,
				7B60330B1E62BD9B00EF76AB /* Model */,
				7B60330C1E62BD9B00EF76AB /* View */,
			);
			path = Main;
			sourceTree = "<group>";
		};
		7B6032FF1E62BD1800EF76AB /* Controller */ = {
			isa = PBXGroup;
			children = (
				7B6032E71E62A89700EF76AB /* Home.storyboard */,
				7B6033001E62BD1800EF76AB /* HomeViewController.swift */,
				7B60331E1E646B7D00EF76AB /* RecommandVC.swift */,
			);
			path = Controller;
			sourceTree = "<group>";
		};
		7B6033011E62BD1800EF76AB /* Model */ = {
			isa = PBXGroup;
			children = (
				7BED30421E6C37EF00A4EBF8 /* CycleModel.swift */,
			);
			path = Model;
			sourceTree = "<group>";
		};
		7B6033021E62BD1800EF76AB /* View */ = {
			isa = PBXGroup;
			children = (
				7B6033201E6474AB00EF76AB /* CollectionHeaderView.swift */,
				7B6033211E6474AB00EF76AB /* CollectionHeaderView.xib */,
				7BED303E1E6BACB500A4EBF8 /* RecommandCycleView.swift */,
				7BED30401E6BACD600A4EBF8 /* RecommandCycleView.xib */,
				7BED30441E6C442700A4EBF8 /* CycleCell.swift */,
				7BED30451E6C442700A4EBF8 /* CycleCell.xib */,
			);
			path = View;
			sourceTree = "<group>";
		};
		7B6033041E62BD5400EF76AB /* Controller */ = {
			isa = PBXGroup;
			children = (
				7B6032EA1E62A8D700EF76AB /* Live.storyboard */,
				7B6033051E62BD5400EF76AB /* LiveViewController.swift */,
			);
			path = Controller;
			sourceTree = "<group>";
		};
		7B6033061E62BD5400EF76AB /* Model */ = {
			isa = PBXGroup;
			children = (
			);
			path = Model;
			sourceTree = "<group>";
		};
		7B6033071E62BD5400EF76AB /* View */ = {
			isa = PBXGroup;
			children = (
			);
			path = View;
			sourceTree = "<group>";
		};
		7B6033091E62BD9B00EF76AB /* Controller */ = {
			isa = PBXGroup;
			children = (
				7BE63B7E1E226F8D006B68D8 /* Main.storyboard */,
				7B60330A1E62BD9B00EF76AB /* MainViewController.swift */,
			);
			path = Controller;
			sourceTree = "<group>";
		};
		7B60330B1E62BD9B00EF76AB /* Model */ = {
			isa = PBXGroup;
			children = (
				7B1FFB151E684FB5001E68D9 /* AnchroGroup.swift */,
				7B1FFB171E68540C001E68D9 /* AnchroModel.swift */,
			);
			path = Model;
			sourceTree = "<group>";
		};
		7B60330C1E62BD9B00EF76AB /* View */ = {
			isa = PBXGroup;
			children = (
				7B6033161E62C2D100EF76AB /* PageTitleView.swift */,
				7B60331A1E6300AB00EF76AB /* PageContentView.swift */,
				7B6033281E65B8C200EF76AB /* CollectionNormalCell.swift */,
				7B6033291E65B8C200EF76AB /* CollectionNormalCell.xib */,
				7B60332C1E65BE8E00EF76AB /* CollectionPrettyCell.swift */,
				7B60332D1E65BE8E00EF76AB /* CollectionPrettyCell.xib */,
				7BED303C1E6B222200A4EBF8 /* CollectionBaseCell.swift */,
			);
			path = View;
			sourceTree = "<group>";
		};
		7B60330E1E62BDAF00EF76AB /* Controller */ = {
			isa = PBXGroup;
			children = (
				7B6032ED1E62A8F300EF76AB /* Profile.storyboard */,
				7B60330F1E62BDAF00EF76AB /* ProfileViewController.swift */,
			);
			path = Controller;
			sourceTree = "<group>";
		};
		7B6033101E62BDAF00EF76AB /* Model */ = {
			isa = PBXGroup;
			children = (
			);
			path = Model;
			sourceTree = "<group>";
		};
		7B6033111E62BDAF00EF76AB /* View */ = {
			isa = PBXGroup;
			children = (
			);
			path = View;
			sourceTree = "<group>";
		};
		7B6033131E62BDC500EF76AB /* Extension */ = {
			isa = PBXGroup;
			children = (
				7B6033141E62BDC500EF76AB /* UIBarButtonItem-Extension.swift */,
				7B60331C1E630D4600EF76AB /* UIColor-Extension.swift */,
			);
			path = Extension;
			sourceTree = "<group>";
		};
		7B60334E1E6714C400EF76AB /* Lib */ = {
			isa = PBXGroup;
			children = (
			);
			path = Lib;
			sourceTree = "<group>";
		};
		7BE63B6E1E226F8B006B68D8 = {
			isa = PBXGroup;
			children = (
				7BE63B791E226F8B006B68D8 /* DYTest */,
				7BE63B781E226F8B006B68D8 /* Products */,
				C949F4061A55C4340D465A3C /* Pods */,
				0FFBB377E94795DC9D0657D0 /* Frameworks */,
			);
			sourceTree = "<group>";
		};
		7BE63B781E226F8B006B68D8 /* Products */ = {
			isa = PBXGroup;
			children = (
				7BE63B771E226F8B006B68D8 /* DYTest.app */,
			);
			name = Products;
			sourceTree = "<group>";
		};
		7BE63B791E226F8B006B68D8 /* DYTest */ = {
			isa = PBXGroup;
			children = (
				7BE63B7A1E226F8B006B68D8 /* AppDelegate.swift */,
				7B6032E01E629B5E00EF76AB /* Classes */,
				7BE63B841E226F8F006B68D8 /* Assets.xcassets */,
				7BE63B891E226F90006B68D8 /* Info.plist */,
			);
			path = DYTest;
			sourceTree = "<group>";
		};
		C949F4061A55C4340D465A3C /* Pods */ = {
			isa = PBXGroup;
			children = (
				F88325063ABE28390AC49A0F /* Pods-DYTest.debug.xcconfig */,
				1EE860440E34601B000DF8CF /* Pods-DYTest.release.xcconfig */,
			);
			name = Pods;
			sourceTree = "<group>";
		};
/* End PBXGroup section */

/* Begin PBXNativeTarget section */
		7BE63B761E226F8B006B68D8 /* DYTest */ = {
			isa = PBXNativeTarget;
			buildConfigurationList = 7BE63B8C1E226F90006B68D8 /* Build configuration list for PBXNativeTarget "DYTest" */;
			buildPhases = (
				7AA30ABE9EAB4A03DA83D629 /* [CP] Check Pods Manifest.lock */,
				7BE63B731E226F8B006B68D8 /* Sources */,
				7BE63B741E226F8B006B68D8 /* Frameworks */,
				7BE63B751E226F8B006B68D8 /* Resources */,
				5733AB16959F49D9A11A1A07 /* [CP] Embed Pods Frameworks */,
				D97C47F8F4A1E662366EB476 /* [CP] Copy Pods Resources */,
			);
			buildRules = (
			);
			dependencies = (
			);
			name = DYTest;
			productName = DYTest;
			productReference = 7BE63B771E226F8B006B68D8 /* DYTest.app */;
			productType = "com.apple.product-type.application";
		};
/* End PBXNativeTarget section */

/* Begin PBXProject section */
		7BE63B6F1E226F8B006B68D8 /* Project object */ = {
			isa = PBXProject;
			attributes = {
				LastSwiftUpdateCheck = 0810;
				LastUpgradeCheck = 0810;
				ORGANIZATIONNAME = jun;
				TargetAttributes = {
					7BE63B761E226F8B006B68D8 = {
						CreatedOnToolsVersion = 8.1;
						DevelopmentTeam = R8PS75PU9K;
						ProvisioningStyle = Automatic;
					};
				};
			};
			buildConfigurationList = 7BE63B721E226F8B006B68D8 /* Build configuration list for PBXProject "DYTest" */;
			compatibilityVersion = "Xcode 3.2";
			developmentRegion = English;
			hasScannedForEncodings = 0;
			knownRegions = (
				en,
				Base,
			);
			mainGroup = 7BE63B6E1E226F8B006B68D8;
			productRefGroup = 7BE63B781E226F8B006B68D8 /* Products */;
			projectDirPath = "";
			projectRoot = "";
			targets = (
				7BE63B761E226F8B006B68D8 /* DYTest */,
			);
		};
/* End PBXProject section */

/* Begin PBXResourcesBuildPhase section */
		7BE63B751E226F8B006B68D8 /* Resources */ = {
			isa = PBXResourcesBuildPhase;
			buildActionMask = 2147483647;
			files = (
				7B6032E91E62A89700EF76AB /* Home.storyboard in Resources */,
				7BE63B851E226F8F006B68D8 /* Assets.xcassets in Resources */,
				7B60332B1E65B8C200EF76AB /* CollectionNormalCell.xib in Resources */,
				7BED30471E6C442700A4EBF8 /* CycleCell.xib in Resources */,
				7B6032EF1E62A8F300EF76AB /* Profile.storyboard in Resources */,
				7B6033231E6474AB00EF76AB /* CollectionHeaderView.xib in Resources */,
				7B6032F21E62A90400EF76AB /* Mine.storyboard in Resources */,
				7B6032EC1E62A8D700EF76AB /* Live.storyboard in Resources */,
				7B60332F1E65BE8E00EF76AB /* CollectionPrettyCell.xib in Resources */,
				7BED30411E6BACD600A4EBF8 /* RecommandCycleView.xib in Resources */,
				7BE63B801E226F8D006B68D8 /* Main.storyboard in Resources */,
			);
			runOnlyForDeploymentPostprocessing = 0;
		};
/* End PBXResourcesBuildPhase section */

/* Begin PBXShellScriptBuildPhase section */
		5733AB16959F49D9A11A1A07 /* [CP] Embed Pods Frameworks */ = {
			isa = PBXShellScriptBuildPhase;
			buildActionMask = 2147483647;
			files = (
			);
			inputPaths = (
			);
			name = "[CP] Embed Pods Frameworks";
			outputPaths = (
			);
			runOnlyForDeploymentPostprocessing = 0;
			shellPath = /bin/sh;
			shellScript = "\"${SRCROOT}/Pods/Target Support Files/Pods-DYTest/Pods-DYTest-frameworks.sh\"\n";
			showEnvVarsInLog = 0;
		};
		7AA30ABE9EAB4A03DA83D629 /* [CP] Check Pods Manifest.lock */ = {
			isa = PBXShellScriptBuildPhase;
			buildActionMask = 2147483647;
			files = (
			);
			inputPaths = (
			);
			name = "[CP] Check Pods Manifest.lock";
			outputPaths = (
			);
			runOnlyForDeploymentPostprocessing = 0;
			shellPath = /bin/sh;
			shellScript = "diff \"${PODS_ROOT}/../Podfile.lock\" \"${PODS_ROOT}/Manifest.lock\" > /dev/null\nif [ $? != 0 ] ; then\n    # print error to STDERR\n    echo \"error: The sandbox is not in sync with the Podfile.lock. Run 'pod install' or update your CocoaPods installation.\" >&2\n    exit 1\nfi\n";
			showEnvVarsInLog = 0;
		};
		D97C47F8F4A1E662366EB476 /* [CP] Copy Pods Resources */ = {
			isa = PBXShellScriptBuildPhase;
			buildActionMask = 2147483647;
			files = (
			);
			inputPaths = (
			);
			name = "[CP] Copy Pods Resources";
			outputPaths = (
			);
			runOnlyForDeploymentPostprocessing = 0;
			shellPath = /bin/sh;
			shellScript = "\"${SRCROOT}/Pods/Target Support Files/Pods-DYTest/Pods-DYTest-resources.sh\"\n";
			showEnvVarsInLog = 0;
		};
/* End PBXShellScriptBuildPhase section */

/* Begin PBXSourcesBuildPhase section */
		7BE63B731E226F8B006B68D8 /* Sources */ = {
			isa = PBXSourcesBuildPhase;
			buildActionMask = 2147483647;
			files = (
				7B6033081E62BD5400EF76AB /* LiveViewController.swift in Sources */,
				7B60331D1E630D4600EF76AB /* UIColor-Extension.swift in Sources */,
				7B6033031E62BD1800EF76AB /* HomeViewController.swift in Sources */,
				7B60332E1E65BE8E00EF76AB /* CollectionPrettyCell.swift in Sources */,
				7B60331F1E646B7D00EF76AB /* RecommandVC.swift in Sources */,
				7B60332A1E65B8C200EF76AB /* CollectionNormalCell.swift in Sources */,
				7B60331B1E6300AB00EF76AB /* PageContentView.swift in Sources */,
				7B1FFB121E68445B001E68D9 /* RecommandViewModel.swift in Sources */,
				7B6032FC1E62AA1E00EF76AB /* MineViewController.swift in Sources */,
				7B6033121E62BDAF00EF76AB /* ProfileViewController.swift in Sources */,
				7BED30461E6C442700A4EBF8 /* CycleCell.swift in Sources */,
				7BED303F1E6BACB500A4EBF8 /* RecommandCycleView.swift in Sources */,
				7B1FFB141E684C33001E68D9 /* NSDate-Extension.swift in Sources */,
				7B6033221E6474AB00EF76AB /* CollectionHeaderView.swift in Sources */,
				7BED303D1E6B222200A4EBF8 /* CollectionBaseCell.swift in Sources */,
				7B1FFB181E68540C001E68D9 /* AnchroModel.swift in Sources */,
				7B6033731E67152B00EF76AB /* NetworkTool.swift in Sources */,
				7BE63B7B1E226F8B006B68D8 /* AppDelegate.swift in Sources */,
				7B6033171E62C2D100EF76AB /* PageTitleView.swift in Sources */,
				7B60330D1E62BD9B00EF76AB /* MainViewController.swift in Sources */,
				7B1FFB161E684FB5001E68D9 /* AnchroGroup.swift in Sources */,
				7B6033191E62C44300EF76AB /* Common.swift in Sources */,
				7BED30431E6C37EF00A4EBF8 /* CycleModel.swift in Sources */,
				7B6033151E62BDC500EF76AB /* UIBarButtonItem-Extension.swift in Sources */,
			);
			runOnlyForDeploymentPostprocessing = 0;
		};
/* End PBXSourcesBuildPhase section */

/* Begin PBXVariantGroup section */
		7B6032E71E62A89700EF76AB /* Home.storyboard */ = {
			isa = PBXVariantGroup;
			children = (
				7B6032E81E62A89700EF76AB /* Base */,
			);
			name = Home.storyboard;
			path = ../../Main;
			sourceTree = "<group>";
		};
		7B6032EA1E62A8D700EF76AB /* Live.storyboard */ = {
			isa = PBXVariantGroup;
			children = (
				7B6032EB1E62A8D700EF76AB /* Base */,
			);
			name = Live.storyboard;
			path = ../../Main;
			sourceTree = "<group>";
		};
		7B6032ED1E62A8F300EF76AB /* Profile.storyboard */ = {
			isa = PBXVariantGroup;
			children = (
				7B6032EE1E62A8F300EF76AB /* Base */,
			);
			name = Profile.storyboard;
			path = ../../Main;
			sourceTree = "<group>";
		};
		7B6032F01E62A90400EF76AB /* Mine.storyboard */ = {
			isa = PBXVariantGroup;
			children = (
				7B6032F11E62A90400EF76AB /* Base */,
			);
			name = Mine.storyboard;
			path = ../Main;
			sourceTree = "<group>";
		};
		7BE63B7E1E226F8D006B68D8 /* Main.storyboard */ = {
			isa = PBXVariantGroup;
			children = (
				7BE63B7F1E226F8D006B68D8 /* Base */,
			);
			name = Main.storyboard;
			path = ../../..;
			sourceTree = "<group>";
		};
/* End PBXVariantGroup section */

/* Begin XCBuildConfiguration section */
		7BE63B8A1E226F90006B68D8 /* Debug */ = {
			isa = XCBuildConfiguration;
			buildSettings = {
				ALWAYS_SEARCH_USER_PATHS = NO;
				CLANG_ANALYZER_NONNULL = YES;
				CLANG_CXX_LANGUAGE_STANDARD = "gnu++0x";
				CLANG_CXX_LIBRARY = "libc++";
				CLANG_ENABLE_MODULES = YES;
				CLANG_ENABLE_OBJC_ARC = YES;
				CLANG_WARN_BOOL_CONVERSION = YES;
				CLANG_WARN_CONSTANT_CONVERSION = YES;
				CLANG_WARN_DIRECT_OBJC_ISA_USAGE = YES_ERROR;
				CLANG_WARN_DOCUMENTATION_COMMENTS = YES;
				CLANG_WARN_EMPTY_BODY = YES;
				CLANG_WARN_ENUM_CONVERSION = YES;
				CLANG_WARN_INFINITE_RECURSION = YES;
				CLANG_WARN_INT_CONVERSION = YES;
				CLANG_WARN_OBJC_ROOT_CLASS = YES_ERROR;
				CLANG_WARN_SUSPICIOUS_MOVES = YES;
				CLANG_WARN_UNREACHABLE_CODE = YES;
				CLANG_WARN__DUPLICATE_METHOD_MATCH = YES;
				"CODE_SIGN_IDENTITY[sdk=iphoneos*]" = "iPhone Developer";
				COPY_PHASE_STRIP = NO;
				DEBUG_INFORMATION_FORMAT = dwarf;
				ENABLE_STRICT_OBJC_MSGSEND = YES;
				ENABLE_TESTABILITY = YES;
				GCC_C_LANGUAGE_STANDARD = gnu99;
				GCC_DYNAMIC_NO_PIC = NO;
				GCC_NO_COMMON_BLOCKS = YES;
				GCC_OPTIMIZATION_LEVEL = 0;
				GCC_PREPROCESSOR_DEFINITIONS = (
					"DEBUG=1",
					"$(inherited)",
				);
				GCC_WARN_64_TO_32_BIT_CONVERSION = YES;
				GCC_WARN_ABOUT_RETURN_TYPE = YES_ERROR;
				GCC_WARN_UNDECLARED_SELECTOR = YES;
				GCC_WARN_UNINITIALIZED_AUTOS = YES_AGGRESSIVE;
				GCC_WARN_UNUSED_FUNCTION = YES;
				GCC_WARN_UNUSED_VARIABLE = YES;
				IPHONEOS_DEPLOYMENT_TARGET = 10.1;
				MTL_ENABLE_DEBUG_INFO = YES;
				ONLY_ACTIVE_ARCH = YES;
				SDKROOT = iphoneos;
				SWIFT_ACTIVE_COMPILATION_CONDITIONS = DEBUG;
				SWIFT_OPTIMIZATION_LEVEL = "-Onone";
			};
			name = Debug;
		};
		7BE63B8B1E226F90006B68D8 /* Release */ = {
			isa = XCBuildConfiguration;
			buildSettings = {
				ALWAYS_SEARCH_USER_PATHS = NO;
				CLANG_ANALYZER_NONNULL = YES;
				CLANG_CXX_LANGUAGE_STANDARD = "gnu++0x";
				CLANG_CXX_LIBRARY = "libc++";
				CLANG_ENABLE_MODULES = YES;
				CLANG_ENABLE_OBJC_ARC = YES;
				CLANG_WARN_BOOL_CONVERSION = YES;
				CLANG_WARN_CONSTANT_CONVERSION = YES;
				CLANG_WARN_DIRECT_OBJC_ISA_USAGE = YES_ERROR;
				CLANG_WARN_DOCUMENTATION_COMMENTS = YES;
				CLANG_WARN_EMPTY_BODY = YES;
				CLANG_WARN_ENUM_CONVERSION = YES;
				CLANG_WARN_INFINITE_RECURSION = YES;
				CLANG_WARN_INT_CONVERSION = YES;
				CLANG_WARN_OBJC_ROOT_CLASS = YES_ERROR;
				CLANG_WARN_SUSPICIOUS_MOVES = YES;
				CLANG_WARN_UNREACHABLE_CODE = YES;
				CLANG_WARN__DUPLICATE_METHOD_MATCH = YES;
				"CODE_SIGN_IDENTITY[sdk=iphoneos*]" = "iPhone Developer";
				COPY_PHASE_STRIP = NO;
				DEBUG_INFORMATION_FORMAT = "dwarf-with-dsym";
				ENABLE_NS_ASSERTIONS = NO;
				ENABLE_STRICT_OBJC_MSGSEND = YES;
				GCC_C_LANGUAGE_STANDARD = gnu99;
				GCC_NO_COMMON_BLOCKS = YES;
				GCC_WARN_64_TO_32_BIT_CONVERSION = YES;
				GCC_WARN_ABOUT_RETURN_TYPE = YES_ERROR;
				GCC_WARN_UNDECLARED_SELECTOR = YES;
				GCC_WARN_UNINITIALIZED_AUTOS = YES_AGGRESSIVE;
				GCC_WARN_UNUSED_FUNCTION = YES;
				GCC_WARN_UNUSED_VARIABLE = YES;
				IPHONEOS_DEPLOYMENT_TARGET = 10.1;
				MTL_ENABLE_DEBUG_INFO = NO;
				SDKROOT = iphoneos;
				SWIFT_OPTIMIZATION_LEVEL = "-Owholemodule";
				VALIDATE_PRODUCT = YES;
			};
			name = Release;
		};
		7BE63B8D1E226F90006B68D8 /* Debug */ = {
			isa = XCBuildConfiguration;
			baseConfigurationReference = F88325063ABE28390AC49A0F /* Pods-DYTest.debug.xcconfig */;
			buildSettings = {
				ASSETCATALOG_COMPILER_APPICON_NAME = AppIcon;
				ASSETCATALOG_COMPILER_LAUNCHIMAGE_NAME = LaunchImage;
				DEVELOPMENT_TEAM = R8PS75PU9K;
				INFOPLIST_FILE = DYTest/Info.plist;
				IPHONEOS_DEPLOYMENT_TARGET = 8.0;
				LD_RUNPATH_SEARCH_PATHS = "$(inherited) @executable_path/Frameworks";
				PRODUCT_BUNDLE_IDENTIFIER = com.DYTest;
				PRODUCT_NAME = "$(TARGET_NAME)";
				SWIFT_VERSION = 3.0;
			};
			name = Debug;
		};
		7BE63B8E1E226F90006B68D8 /* Release */ = {
			isa = XCBuildConfiguration;
			baseConfigurationReference = 1EE860440E34601B000DF8CF /* Pods-DYTest.release.xcconfig */;
			buildSettings = {
				ASSETCATALOG_COMPILER_APPICON_NAME = AppIcon;
				ASSETCATALOG_COMPILER_LAUNCHIMAGE_NAME = LaunchImage;
				DEVELOPMENT_TEAM = R8PS75PU9K;
				INFOPLIST_FILE = DYTest/Info.plist;
				IPHONEOS_DEPLOYMENT_TARGET = 8.0;
				LD_RUNPATH_SEARCH_PATHS = "$(inherited) @executable_path/Frameworks";
				PRODUCT_BUNDLE_IDENTIFIER = com.DYTest;
				PRODUCT_NAME = "$(TARGET_NAME)";
				SWIFT_VERSION = 3.0;
			};
			name = Release;
		};
/* End XCBuildConfiguration section */

/* Begin XCConfigurationList section */
		7BE63B721E226F8B006B68D8 /* Build configuration list for PBXProject "DYTest" */ = {
			isa = XCConfigurationList;
			buildConfigurations = (
				7BE63B8A1E226F90006B68D8 /* Debug */,
				7BE63B8B1E226F90006B68D8 /* Release */,
			);
			defaultConfigurationIsVisible = 0;
			defaultConfigurationName = Release;
		};
		7BE63B8C1E226F90006B68D8 /* Build configuration list for PBXNativeTarget "DYTest" */ = {
			isa = XCConfigurationList;
			buildConfigurations = (
				7BE63B8D1E226F90006B68D8 /* Debug */,
				7BE63B8E1E226F90006B68D8 /* Release */,
			);
			defaultConfigurationIsVisible = 0;
			defaultConfigurationName = Release;
		};
/* End XCConfigurationList section */
	};
	rootObject = 7BE63B6F1E226F8B006B68D8 /* Project object */;
}
