// !$*UTF8*$!
{
	archiveVersion = 1;
	classes = {
	};
	objectVersion = 46;
	objects = {

/* Begin PBXBuildFile section */
		7B6032E91E62A89700EF76AB /* Home.storyboard in Resources */ = {isa = PBXBuildFile; fileRef = 7B6032E71E62A89700EF76AB /* Home.storyboard */; };
		7B6032EC1E62A8D700EF76AB /* Live.storyboard in Resources */ = {isa = PBXBuildFile; fileRef = 7B6032EA1E62A8D700EF76AB /* Live.storyboard */; };
		7B6032EF1E62A8F300EF76AB /* Profile.storyboard in Resources */ = {isa = PBXBuildFile; fileRef = 7B6032ED1E62A8F300EF76AB /* Profile.storyboard */; };
		7B6032F21E62A90400EF76AB /* Mine.storyboard in Resources */ = {isa = PBXBuildFile; fileRef = 7B6032F01E62A90400EF76AB /* Mine.storyboard */; };
		7B6032FC1E62AA1E00EF76AB /* MineViewController.swift in Sources */ = {isa = PBXBuildFile; fileRef = 7B6032FB1E62AA1E00EF76AB /* MineViewController.swift */; };
		7B6033031E62BD1800EF76AB /* HomeViewController.swift in Sources */ = {isa = PBXBuildFile; fileRef = 7B6033001E62BD1800EF76AB /* HomeViewController.swift */; };
		7B6033081E62BD5400EF76AB /* LiveViewController.swift in Sources */ = {isa = PBXBuildFile; fileRef = 7B6033051E62BD5400EF76AB /* LiveViewController.swift */; };
		7B60330D1E62BD9B00EF76AB /* MainViewController.swift in Sources */ = {isa = PBXBuildFile; fileRef = 7B60330A1E62BD9B00EF76AB /* MainViewController.swift */; };
		7B6033121E62BDAF00EF76AB /* ProfileViewController.swift in Sources */ = {isa = PBXBuildFile; fileRef = 7B60330F1E62BDAF00EF76AB /* ProfileViewController.swift */; };
		7B6033151E62BDC500EF76AB /* UIBarButtonItem-Extension.swift in Sources */ = {isa = PBXBuildFile; fileRef = 7B6033141E62BDC500EF76AB /* UIBarButtonItem-Extension.swift */; };
		7BE63B7B1E226F8B006B68D8 /* AppDelegate.swift in Sources */ = {isa = PBXBuildFile; fileRef = 7BE63B7A1E226F8B006B68D8 /* AppDelegate.swift */; };
		7BE63B7D1E226F8C006B68D8 /* ViewController.swift in Sources */ = {isa = PBXBuildFile; fileRef = 7BE63B7C1E226F8C006B68D8 /* ViewController.swift */; };
		7BE63B801E226F8D006B68D8 /* Main.storyboard in Resources */ = {isa = PBXBuildFile; fileRef = 7BE63B7E1E226F8D006B68D8 /* Main.storyboard */; };
		7BE63B851E226F8F006B68D8 /* Assets.xcassets in Resources */ = {isa = PBXBuildFile; fileRef = 7BE63B841E226F8F006B68D8 /* Assets.xcassets */; };
/* End PBXBuildFile section */

/* Begin PBXFileReference section */
		7B6032E81E62A89700EF76AB /* Base */ = {isa = PBXFileReference; lastKnownFileType = file.storyboard; name = Base; path = DYTest/Base.lproj/Home.storyboard; sourceTree = SOURCE_ROOT; };
		7B6032EB1E62A8D700EF76AB /* Base */ = {isa = PBXFileReference; lastKnownFileType = file.storyboard; name = Base; path = DYTest/Base.lproj/Live.storyboard; sourceTree = SOURCE_ROOT; };
		7B6032EE1E62A8F300EF76AB /* Base */ = {isa = PBXFileReference; lastKnownFileType = file.storyboard; name = Base; path = DYTest/Base.lproj/Profile.storyboard; sourceTree = SOURCE_ROOT; };
		7B6032F11E62A90400EF76AB /* Base */ = {isa = PBXFileReference; lastKnownFileType = file.storyboard; name = Base; path = DYTest/Base.lproj/Mine.storyboard; sourceTree = SOURCE_ROOT; };
		7B6032FB1E62AA1E00EF76AB /* MineViewController.swift */ = {isa = PBXFileReference; fileEncoding = 4; lastKnownFileType = sourcecode.swift; path = MineViewController.swift; sourceTree = "<group>"; };
		7B6033001E62BD1800EF76AB /* HomeViewController.swift */ = {isa = PBXFileReference; fileEncoding = 4; lastKnownFileType = sourcecode.swift; path = HomeViewController.swift; sourceTree = "<group>"; };
		7B6033051E62BD5400EF76AB /* LiveViewController.swift */ = {isa = PBXFileReference; fileEncoding = 4; lastKnownFileType = sourcecode.swift; path = LiveViewController.swift; sourceTree = "<group>"; };
		7B60330A1E62BD9B00EF76AB /* MainViewController.swift */ = {isa = PBXFileReference; fileEncoding = 4; lastKnownFileType = sourcecode.swift; path = MainViewController.swift; sourceTree = "<group>"; };
		7B60330F1E62BDAF00EF76AB /* ProfileViewController.swift */ = {isa = PBXFileReference; fileEncoding = 4; lastKnownFileType = sourcecode.swift; path = ProfileViewController.swift; sourceTree = "<group>"; };
		7B6033141E62BDC500EF76AB /* UIBarButtonItem-Extension.swift */ = {isa = PBXFileReference; fileEncoding = 4; lastKnownFileType = sourcecode.swift; path = "UIBarButtonItem-Extension.swift"; sourceTree = "<group>"; };
		7BE63B771E226F8B006B68D8 /* DYTest.app */ = {isa = PBXFileReference; explicitFileType = wrapper.application; includeInIndex = 0; path = DYTest.app; sourceTree = BUILT_PRODUCTS_DIR; };
		7BE63B7A1E226F8B006B68D8 /* AppDelegate.swift */ = {isa = PBXFileReference; lastKnownFileType = sourcecode.swift; path = AppDelegate.swift; sourceTree = "<group>"; };
		7BE63B7C1E226F8C006B68D8 /* ViewController.swift */ = {isa = PBXFileReference; lastKnownFileType = sourcecode.swift; path = ViewController.swift; sourceTree = "<group>"; };
		7BE63B7F1E226F8D006B68D8 /* Base */ = {isa = PBXFileReference; lastKnownFileType = file.storyboard; name = Base; path = Base.lproj/Main.storyboard; sourceTree = "<group>"; };
		7BE63B841E226F8F006B68D8 /* Assets.xcassets */ = {isa = PBXFileReference; lastKnownFileType = folder.assetcatalog; path = Assets.xcassets; sourceTree = "<group>"; };
		7BE63B891E226F90006B68D8 /* Info.plist */ = {isa = PBXFileReference; lastKnownFileType = text.plist.xml; path = Info.plist; sourceTree = "<group>"; };
/* End PBXFileReference section */

/* Begin PBXFrameworksBuildPhase section */
		7BE63B741E226F8B006B68D8 /* Frameworks */ = {
			isa = PBXFrameworksBuildPhase;
			buildActionMask = 2147483647;
			files = (
			);
			runOnlyForDeploymentPostprocessing = 0;
		};
/* End PBXFrameworksBuildPhase section */

/* Begin PBXGroup section */
		7B6032E01E629B5E00EF76AB /* Classes */ = {
			isa = PBXGroup;
			children = (
				7B6032E61E629BB500EF76AB /* Main */,
				7B6032E11E629B5E00EF76AB /* Home */,
				7B6032E21E629B5E00EF76AB /* Live */,
				7B6032E41E629B5E00EF76AB /* Profile */,
				7B6032E31E629B5E00EF76AB /* Mine */,
				7B6032E51E629B5E00EF76AB /* Tool */,
			);
			path = Classes;
			sourceTree = "<group>";
		};
		7B6032E11E629B5E00EF76AB /* Home */ = {
			isa = PBXGroup;
			children = (
				7B6032FF1E62BD1800EF76AB /* Controller */,
				7B6033011E62BD1800EF76AB /* Model */,
				7B6033021E62BD1800EF76AB /* View */,
			);
			path = Home;
			sourceTree = "<group>";
		};
		7B6032E21E629B5E00EF76AB /* Live */ = {
			isa = PBXGroup;
			children = (
				7B6033041E62BD5400EF76AB /* Controller */,
				7B6033061E62BD5400EF76AB /* Model */,
				7B6033071E62BD5400EF76AB /* View */,
			);
			path = Live;
			sourceTree = "<group>";
		};
		7B6032E31E629B5E00EF76AB /* Mine */ = {
			isa = PBXGroup;
			children = (
				7B6032F01E62A90400EF76AB /* Mine.storyboard */,
				7B6032FB1E62AA1E00EF76AB /* MineViewController.swift */,
			);
			path = Mine;
			sourceTree = "<group>";
		};
		7B6032E41E629B5E00EF76AB /* Profile */ = {
			isa = PBXGroup;
			children = (
				7B60330E1E62BDAF00EF76AB /* Controller */,
				7B6033101E62BDAF00EF76AB /* Model */,
				7B6033111E62BDAF00EF76AB /* View */,
			);
			path = Profile;
			sourceTree = "<group>";
		};
		7B6032E51E629B5E00EF76AB /* Tool */ = {
			isa = PBXGroup;
			children = (
				7B6033131E62BDC500EF76AB /* Extension */,
			);
			path = Tool;
			sourceTree = "<group>";
		};
		7B6032E61E629BB500EF76AB /* Main */ = {
			isa = PBXGroup;
			children = (
				7B6033091E62BD9B00EF76AB /* Controller */,
				7B60330B1E62BD9B00EF76AB /* Model */,
				7B60330C1E62BD9B00EF76AB /* View */,
			);
			path = Main;
			sourceTree = "<group>";
		};
		7B6032FF1E62BD1800EF76AB /* Controller */ = {
			isa = PBXGroup;
			children = (
				7B6032E71E62A89700EF76AB /* Home.storyboard */,
				7B6033001E62BD1800EF76AB /* HomeViewController.swift */,
			);
			path = Controller;
			sourceTree = "<group>";
		};
		7B6033011E62BD1800EF76AB /* Model */ = {
			isa = PBXGroup;
			children = (
			);
			path = Model;
			sourceTree = "<group>";
		};
		7B6033021E62BD1800EF76AB /* View */ = {
			isa = PBXGroup;
			children = (
			);
			path = View;
			sourceTree = "<group>";
		};
		7B6033041E62BD5400EF76AB /* Controller */ = {
			isa = PBXGroup;
			children = (
				7B6032EA1E62A8D700EF76AB /* Live.storyboard */,
				7B6033051E62BD5400EF76AB /* LiveViewController.swift */,
			);
			path = Controller;
			sourceTree = "<group>";
		};
		7B6033061E62BD5400EF76AB /* Model */ = {
			isa = PBXGroup;
			children = (
			);
			path = Model;
			sourceTree = "<group>";
		};
		7B6033071E62BD5400EF76AB /* View */ = {
			isa = PBXGroup;
			children = (
			);
			path = View;
			sourceTree = "<group>";
		};
		7B6033091E62BD9B00EF76AB /* Controller */ = {
			isa = PBXGroup;
			children = (
				7BE63B7E1E226F8D006B68D8 /* Main.storyboard */,
				7B60330A1E62BD9B00EF76AB /* MainViewController.swift */,
			);
			path = Controller;
			sourceTree = "<group>";
		};
		7B60330B1E62BD9B00EF76AB /* Model */ = {
			isa = PBXGroup;
			children = (
			);
			path = Model;
			sourceTree = "<group>";
		};
		7B60330C1E62BD9B00EF76AB /* View */ = {
			isa = PBXGroup;
			children = (
			);
			path = View;
			sourceTree = "<group>";
		};
		7B60330E1E62BDAF00EF76AB /* Controller */ = {
			isa = PBXGroup;
			children = (
				7B6032ED1E62A8F300EF76AB /* Profile.storyboard */,
				7B60330F1E62BDAF00EF76AB /* ProfileViewController.swift */,
			);
			path = Controller;
			sourceTree = "<group>";
		};
		7B6033101E62BDAF00EF76AB /* Model */ = {
			isa = PBXGroup;
			children = (
			);
			path = Model;
			sourceTree = "<group>";
		};
		7B6033111E62BDAF00EF76AB /* View */ = {
			isa = PBXGroup;
			children = (
			);
			path = View;
			sourceTree = "<group>";
		};
		7B6033131E62BDC500EF76AB /* Extension */ = {
			isa = PBXGroup;
			children = (
				7B6033141E62BDC500EF76AB /* UIBarButtonItem-Extension.swift */,
			);
			path = Extension;
			sourceTree = "<group>";
		};
		7BE63B6E1E226F8B006B68D8 = {
			isa = PBXGroup;
			children = (
				7BE63B791E226F8B006B68D8 /* DYTest */,
				7BE63B781E226F8B006B68D8 /* Products */,
			);
			sourceTree = "<group>";
		};
		7BE63B781E226F8B006B68D8 /* Products */ = {
			isa = PBXGroup;
			children = (
				7BE63B771E226F8B006B68D8 /* DYTest.app */,
			);
			name = Products;
			sourceTree = "<group>";
		};
		7BE63B791E226F8B006B68D8 /* DYTest */ = {
			isa = PBXGroup;
			children = (
				7BE63B7A1E226F8B006B68D8 /* AppDelegate.swift */,
				7BE63B7C1E226F8C006B68D8 /* ViewController.swift */,
				7B6032E01E629B5E00EF76AB /* Classes */,
				7BE63B841E226F8F006B68D8 /* Assets.xcassets */,
				7BE63B891E226F90006B68D8 /* Info.plist */,
			);
			path = DYTest;
			sourceTree = "<group>";
		};
/* End PBXGroup section */

/* Begin PBXNativeTarget section */
		7BE63B761E226F8B006B68D8 /* DYTest */ = {
			isa = PBXNativeTarget;
			buildConfigurationList = 7BE63B8C1E226F90006B68D8 /* Build configuration list for PBXNativeTarget "DYTest" */;
			buildPhases = (
				7BE63B731E226F8B006B68D8 /* Sources */,
				7BE63B741E226F8B006B68D8 /* Frameworks */,
				7BE63B751E226F8B006B68D8 /* Resources */,
			);
			buildRules = (
			);
			dependencies = (
			);
			name = DYTest;
			productName = DYTest;
			productReference = 7BE63B771E226F8B006B68D8 /* DYTest.app */;
			productType = "com.apple.product-type.application";
		};
/* End PBXNativeTarget section */

/* Begin PBXProject section */
		7BE63B6F1E226F8B006B68D8 /* Project object */ = {
			isa = PBXProject;
			attributes = {
				LastSwiftUpdateCheck = 0810;
				LastUpgradeCheck = 0810;
				ORGANIZATIONNAME = jun;
				TargetAttributes = {
					7BE63B761E226F8B006B68D8 = {
						CreatedOnToolsVersion = 8.1;
						DevelopmentTeam = R8PS75PU9K;
						ProvisioningStyle = Automatic;
					};
				};
			};
			buildConfigurationList = 7BE63B721E226F8B006B68D8 /* Build configuration list for PBXProject "DYTest" */;
			compatibilityVersion = "Xcode 3.2";
			developmentRegion = English;
			hasScannedForEncodings = 0;
			knownRegions = (
				en,
				Base,
			);
			mainGroup = 7BE63B6E1E226F8B006B68D8;
			productRefGroup = 7BE63B781E226F8B006B68D8 /* Products */;
			projectDirPath = "";
			projectRoot = "";
			targets = (
				7BE63B761E226F8B006B68D8 /* DYTest */,
			);
		};
/* End PBXProject section */

/* Begin PBXResourcesBuildPhase section */
		7BE63B751E226F8B006B68D8 /* Resources */ = {
			isa = PBXResourcesBuildPhase;
			buildActionMask = 2147483647;
			files = (
				7B6032E91E62A89700EF76AB /* Home.storyboard in Resources */,
				7BE63B851E226F8F006B68D8 /* Assets.xcassets in Resources */,
				7B6032EF1E62A8F300EF76AB /* Profile.storyboard in Resources */,
				7B6032F21E62A90400EF76AB /* Mine.storyboard in Resources */,
				7B6032EC1E62A8D700EF76AB /* Live.storyboard in Resources */,
				7BE63B801E226F8D006B68D8 /* Main.storyboard in Resources */,
			);
			runOnlyForDeploymentPostprocessing = 0;
		};
/* End PBXResourcesBuildPhase section */

/* Begin PBXSourcesBuildPhase section */
		7BE63B731E226F8B006B68D8 /* Sources */ = {
			isa = PBXSourcesBuildPhase;
			buildActionMask = 2147483647;
			files = (
				7B6033081E62BD5400EF76AB /* LiveViewController.swift in Sources */,
				7B6033031E62BD1800EF76AB /* HomeViewController.swift in Sources */,
				7BE63B7D1E226F8C006B68D8 /* ViewController.swift in Sources */,
				7B6032FC1E62AA1E00EF76AB /* MineViewController.swift in Sources */,
				7B6033121E62BDAF00EF76AB /* ProfileViewController.swift in Sources */,
				7BE63B7B1E226F8B006B68D8 /* AppDelegate.swift in Sources */,
				7B60330D1E62BD9B00EF76AB /* MainViewController.swift in Sources */,
				7B6033151E62BDC500EF76AB /* UIBarButtonItem-Extension.swift in Sources */,
			);
			runOnlyForDeploymentPostprocessing = 0;
		};
/* End PBXSourcesBuildPhase section */

/* Begin PBXVariantGroup section */
		7B6032E71E62A89700EF76AB /* Home.storyboard */ = {
			isa = PBXVariantGroup;
			children = (
				7B6032E81E62A89700EF76AB /* Base */,
			);
			name = Home.storyboard;
			path = ../../Main;
			sourceTree = "<group>";
		};
		7B6032EA1E62A8D700EF76AB /* Live.storyboard */ = {
			isa = PBXVariantGroup;
			children = (
				7B6032EB1E62A8D700EF76AB /* Base */,
			);
			name = Live.storyboard;
			path = ../../Main;
			sourceTree = "<group>";
		};
		7B6032ED1E62A8F300EF76AB /* Profile.storyboard */ = {
			isa = PBXVariantGroup;
			children = (
				7B6032EE1E62A8F300EF76AB /* Base */,
			);
			name = Profile.storyboard;
			path = ../../Main;
			sourceTree = "<group>";
		};
		7B6032F01E62A90400EF76AB /* Mine.storyboard */ = {
			isa = PBXVariantGroup;
			children = (
				7B6032F11E62A90400EF76AB /* Base */,
			);
			name = Mine.storyboard;
			path = ../Main;
			sourceTree = "<group>";
		};
		7BE63B7E1E226F8D006B68D8 /* Main.storyboard */ = {
			isa = PBXVariantGroup;
			children = (
				7BE63B7F1E226F8D006B68D8 /* Base */,
			);
			name = Main.storyboard;
			path = ../../..;
			sourceTree = "<group>";
		};
/* End PBXVariantGroup section */

/* Begin XCBuildConfiguration section */
		7BE63B8A1E226F90006B68D8 /* Debug */ = {
			isa = XCBuildConfiguration;
			buildSettings = {
				ALWAYS_SEARCH_USER_PATHS = NO;
				CLANG_ANALYZER_NONNULL = YES;
				CLANG_CXX_LANGUAGE_STANDARD = "gnu++0x";
				CLANG_CXX_LIBRARY = "libc++";
				CLANG_ENABLE_MODULES = YES;
				CLANG_ENABLE_OBJC_ARC = YES;
				CLANG_WARN_BOOL_CONVERSION = YES;
				CLANG_WARN_CONSTANT_CONVERSION = YES;
				CLANG_WARN_DIRECT_OBJC_ISA_USAGE = YES_ERROR;
				CLANG_WARN_DOCUMENTATION_COMMENTS = YES;
				CLANG_WARN_EMPTY_BODY = YES;
				CLANG_WARN_ENUM_CONVERSION = YES;
				CLANG_WARN_INFINITE_RECURSION = YES;
				CLANG_WARN_INT_CONVERSION = YES;
				CLANG_WARN_OBJC_ROOT_CLASS = YES_ERROR;
				CLANG_WARN_SUSPICIOUS_MOVES = YES;
				CLANG_WARN_UNREACHABLE_CODE = YES;
				CLANG_WARN__DUPLICATE_METHOD_MATCH = YES;
				"CODE_SIGN_IDENTITY[sdk=iphoneos*]" = "iPhone Developer";
				COPY_PHASE_STRIP = NO;
				DEBUG_INFORMATION_FORMAT = dwarf;
				ENABLE_STRICT_OBJC_MSGSEND = YES;
				ENABLE_TESTABILITY = YES;
				GCC_C_LANGUAGE_STANDARD = gnu99;
				GCC_DYNAMIC_NO_PIC = NO;
				GCC_NO_COMMON_BLOCKS = YES;
				GCC_OPTIMIZATION_LEVEL = 0;
				GCC_PREPROCESSOR_DEFINITIONS = (
					"DEBUG=1",
					"$(inherited)",
				);
				GCC_WARN_64_TO_32_BIT_CONVERSION = YES;
				GCC_WARN_ABOUT_RETURN_TYPE = YES_ERROR;
				GCC_WARN_UNDECLARED_SELECTOR = YES;
				GCC_WARN_UNINITIALIZED_AUTOS = YES_AGGRESSIVE;
				GCC_WARN_UNUSED_FUNCTION = YES;
				GCC_WARN_UNUSED_VARIABLE = YES;
				IPHONEOS_DEPLOYMENT_TARGET = 10.1;
				MTL_ENABLE_DEBUG_INFO = YES;
				ONLY_ACTIVE_ARCH = YES;
				SDKROOT = iphoneos;
				SWIFT_ACTIVE_COMPILATION_CONDITIONS = DEBUG;
				SWIFT_OPTIMIZATION_LEVEL = "-Onone";
			};
			name = Debug;
		};
		7BE63B8B1E226F90006B68D8 /* Release */ = {
			isa = XCBuildConfiguration;
			buildSettings = {
				ALWAYS_SEARCH_USER_PATHS = NO;
				CLANG_ANALYZER_NONNULL = YES;
				CLANG_CXX_LANGUAGE_STANDARD = "gnu++0x";
				CLANG_CXX_LIBRARY = "libc++";
				CLANG_ENABLE_MODULES = YES;
				CLANG_ENABLE_OBJC_ARC = YES;
				CLANG_WARN_BOOL_CONVERSION = YES;
				CLANG_WARN_CONSTANT_CONVERSION = YES;
				CLANG_WARN_DIRECT_OBJC_ISA_USAGE = YES_ERROR;
				CLANG_WARN_DOCUMENTATION_COMMENTS = YES;
				CLANG_WARN_EMPTY_BODY = YES;
				CLANG_WARN_ENUM_CONVERSION = YES;
				CLANG_WARN_INFINITE_RECURSION = YES;
				CLANG_WARN_INT_CONVERSION = YES;
				CLANG_WARN_OBJC_ROOT_CLASS = YES_ERROR;
				CLANG_WARN_SUSPICIOUS_MOVES = YES;
				CLANG_WARN_UNREACHABLE_CODE = YES;
				CLANG_WARN__DUPLICATE_METHOD_MATCH = YES;
				"CODE_SIGN_IDENTITY[sdk=iphoneos*]" = "iPhone Developer";
				COPY_PHASE_STRIP = NO;
				DEBUG_INFORMATION_FORMAT = "dwarf-with-dsym";
				ENABLE_NS_ASSERTIONS = NO;
				ENABLE_STRICT_OBJC_MSGSEND = YES;
				GCC_C_LANGUAGE_STANDARD = gnu99;
				GCC_NO_COMMON_BLOCKS = YES;
				GCC_WARN_64_TO_32_BIT_CONVERSION = YES;
				GCC_WARN_ABOUT_RETURN_TYPE = YES_ERROR;
				GCC_WARN_UNDECLARED_SELECTOR = YES;
				GCC_WARN_UNINITIALIZED_AUTOS = YES_AGGRESSIVE;
				GCC_WARN_UNUSED_FUNCTION = YES;
				GCC_WARN_UNUSED_VARIABLE = YES;
				IPHONEOS_DEPLOYMENT_TARGET = 10.1;
				MTL_ENABLE_DEBUG_INFO = NO;
				SDKROOT = iphoneos;
				SWIFT_OPTIMIZATION_LEVEL = "-Owholemodule";
				VALIDATE_PRODUCT = YES;
			};
			name = Release;
		};
		7BE63B8D1E226F90006B68D8 /* Debug */ = {
			isa = XCBuildConfiguration;
			buildSettings = {
				ASSETCATALOG_COMPILER_APPICON_NAME = AppIcon;
				ASSETCATALOG_COMPILER_LAUNCHIMAGE_NAME = LaunchImage;
				DEVELOPMENT_TEAM = R8PS75PU9K;
				INFOPLIST_FILE = DYTest/Info.plist;
				IPHONEOS_DEPLOYMENT_TARGET = 8.0;
				LD_RUNPATH_SEARCH_PATHS = "$(inherited) @executable_path/Frameworks";
				PRODUCT_BUNDLE_IDENTIFIER = com.DYTest;
				PRODUCT_NAME = "$(TARGET_NAME)";
				SWIFT_VERSION = 3.0;
			};
			name = Debug;
		};
		7BE63B8E1E226F90006B68D8 /* Release */ = {
			isa = XCBuildConfiguration;
			buildSettings = {
				ASSETCATALOG_COMPILER_APPICON_NAME = AppIcon;
				ASSETCATALOG_COMPILER_LAUNCHIMAGE_NAME = LaunchImage;
				DEVELOPMENT_TEAM = R8PS75PU9K;
				INFOPLIST_FILE = DYTest/Info.plist;
				IPHONEOS_DEPLOYMENT_TARGET = 8.0;
				LD_RUNPATH_SEARCH_PATHS = "$(inherited) @executable_path/Frameworks";
				PRODUCT_BUNDLE_IDENTIFIER = com.DYTest;
				PRODUCT_NAME = "$(TARGET_NAME)";
				SWIFT_VERSION = 3.0;
			};
			name = Release;
		};
/* End XCBuildConfiguration section */

/* Begin XCConfigurationList section */
		7BE63B721E226F8B006B68D8 /* Build configuration list for PBXProject "DYTest" */ = {
			isa = XCConfigurationList;
			buildConfigurations = (
				7BE63B8A1E226F90006B68D8 /* Debug */,
				7BE63B8B1E226F90006B68D8 /* Release */,
			);
			defaultConfigurationIsVisible = 0;
			defaultConfigurationName = Release;
		};
		7BE63B8C1E226F90006B68D8 /* Build configuration list for PBXNativeTarget "DYTest" */ = {
			isa = XCConfigurationList;
			buildConfigurations = (
				7BE63B8D1E226F90006B68D8 /* Debug */,
				7BE63B8E1E226F90006B68D8 /* Release */,
			);
			defaultConfigurationIsVisible = 0;
			defaultConfigurationName = Release;
		};
/* End XCConfigurationList section */
	};
	rootObject = 7BE63B6F1E226F8B006B68D8 /* Project object */;
}
