// !$*UTF8*$!
{
	archiveVersion = 1;
	classes = {
	};
	objectVersion = 46;
	objects = {

/* Begin PBXBuildFile section */
		7BE63B7B1E226F8B006B68D8 /* AppDelegate.swift in Sources */ = {isa = PBXBuildFile; fileRef = 7BE63B7A1E226F8B006B68D8 /* AppDelegate.swift */; };
		7BE63B7D1E226F8C006B68D8 /* ViewController.swift in Sources */ = {isa = PBXBuildFile; fileRef = 7BE63B7C1E226F8C006B68D8 /* ViewController.swift */; };
		7BE63B801E226F8D006B68D8 /* Main.storyboard in Resources */ = {isa = PBXBuildFile; fileRef = 7BE63B7E1E226F8D006B68D8 /* Main.storyboard */; };
		7BE63B831E226F8F006B68D8 /* DYTest.xcdatamodeld in Sources */ = {isa = PBXBuildFile; fileRef = 7BE63B811E226F8F006B68D8 /* DYTest.xcdatamodeld */; };
		7BE63B851E226F8F006B68D8 /* Assets.xcassets in Resources */ = {isa = PBXBuildFile; fileRef = 7BE63B841E226F8F006B68D8 /* Assets.xcassets */; };
/* End PBXBuildFile section */

/* Begin PBXFileReference section */
		7BE63B771E226F8B006B68D8 /* DYTest.app */ = {isa = PBXFileReference; explicitFileType = wrapper.application; includeInIndex = 0; path = DYTest.app; sourceTree = BUILT_PRODUCTS_DIR; };
		7BE63B7A1E226F8B006B68D8 /* AppDelegate.swift */ = {isa = PBXFileReference; lastKnownFileType = sourcecode.swift; path = AppDelegate.swift; sourceTree = "<group>"; };
		7BE63B7C1E226F8C006B68D8 /* ViewController.swift */ = {isa = PBXFileReference; lastKnownFileType = sourcecode.swift; path = ViewController.swift; sourceTree = "<group>"; };
		7BE63B7F1E226F8D006B68D8 /* Base */ = {isa = PBXFileReference; lastKnownFileType = file.storyboard; name = Base; path = Base.lproj/Main.storyboard; sourceTree = "<group>"; };
		7BE63B821E226F8F006B68D8 /* DYTest.xcdatamodel */ = {isa = PBXFileReference; lastKnownFileType = wrapper.xcdatamodel; path = DYTest.xcdatamodel; sourceTree = "<group>"; };
		7BE63B841E226F8F006B68D8 /* Assets.xcassets */ = {isa = PBXFileReference; lastKnownFileType = folder.assetcatalog; path = Assets.xcassets; sourceTree = "<group>"; };
		7BE63B891E226F90006B68D8 /* Info.plist */ = {isa = PBXFileReference; lastKnownFileType = text.plist.xml; path = Info.plist; sourceTree = "<group>"; };
/* End PBXFileReference section */

/* Begin PBXFrameworksBuildPhase section */
		7BE63B741E226F8B006B68D8 /* Frameworks */ = {
			isa = PBXFrameworksBuildPhase;
			buildActionMask = 2147483647;
			files = (
			);
			runOnlyForDeploymentPostprocessing = 0;
		};
/* End PBXFrameworksBuildPhase section */

/* Begin PBXGroup section */
		7BE63B6E1E226F8B006B68D8 = {
			isa = PBXGroup;
			children = (
				7BE63B791E226F8B006B68D8 /* DYTest */,
				7BE63B781E226F8B006B68D8 /* Products */,
			);
			sourceTree = "<group>";
		};
		7BE63B781E226F8B006B68D8 /* Products */ = {
			isa = PBXGroup;
			children = (
				7BE63B771E226F8B006B68D8 /* DYTest.app */,
			);
			name = Products;
			sourceTree = "<group>";
		};
		7BE63B791E226F8B006B68D8 /* DYTest */ = {
			isa = PBXGroup;
			children = (
				7BE63B7A1E226F8B006B68D8 /* AppDelegate.swift */,
				7BE63B7C1E226F8C006B68D8 /* ViewController.swift */,
				7BE63B7E1E226F8D006B68D8 /* Main.storyboard */,
				7BE63B841E226F8F006B68D8 /* Assets.xcassets */,
				7BE63B891E226F90006B68D8 /* Info.plist */,
				7BE63B811E226F8F006B68D8 /* DYTest.xcdatamodeld */,
			);
			path = DYTest;
			sourceTree = "<group>";
		};
/* End PBXGroup section */

/* Begin PBXNativeTarget section */
		7BE63B761E226F8B006B68D8 /* DYTest */ = {
			isa = PBXNativeTarget;
			buildConfigurationList = 7BE63B8C1E226F90006B68D8 /* Build configuration list for PBXNativeTarget "DYTest" */;
			buildPhases = (
				7BE63B731E226F8B006B68D8 /* Sources */,
				7BE63B741E226F8B006B68D8 /* Frameworks */,
				7BE63B751E226F8B006B68D8 /* Resources */,
			);
			buildRules = (
			);
			dependencies = (
			);
			name = DYTest;
			productName = DYTest;
			productReference = 7BE63B771E226F8B006B68D8 /* DYTest.app */;
			productType = "com.apple.product-type.application";
		};
/* End PBXNativeTarget section */

/* Begin PBXProject section */
		7BE63B6F1E226F8B006B68D8 /* Project object */ = {
			isa = PBXProject;
			attributes = {
				LastSwiftUpdateCheck = 0810;
				LastUpgradeCheck = 0810;
				ORGANIZATIONNAME = jun;
				TargetAttributes = {
					7BE63B761E226F8B006B68D8 = {
						CreatedOnToolsVersion = 8.1;
						DevelopmentTeam = R8PS75PU9K;
						ProvisioningStyle = Automatic;
					};
				};
			};
			buildConfigurationList = 7BE63B721E226F8B006B68D8 /* Build configuration list for PBXProject "DYTest" */;
			compatibilityVersion = "Xcode 3.2";
			developmentRegion = English;
			hasScannedForEncodings = 0;
			knownRegions = (
				en,
				Base,
			);
			mainGroup = 7BE63B6E1E226F8B006B68D8;
			productRefGroup = 7BE63B781E226F8B006B68D8 /* Products */;
			projectDirPath = "";
			projectRoot = "";
			targets = (
				7BE63B761E226F8B006B68D8 /* DYTest */,
			);
		};
/* End PBXProject section */

/* Begin PBXResourcesBuildPhase section */
		7BE63B751E226F8B006B68D8 /* Resources */ = {
			isa = PBXResourcesBuildPhase;
			buildActionMask = 2147483647;
			files = (
				7BE63B851E226F8F006B68D8 /* Assets.xcassets in Resources */,
				7BE63B801E226F8D006B68D8 /* Main.storyboard in Resources */,
			);
			runOnlyForDeploymentPostprocessing = 0;
		};
/* End PBXResourcesBuildPhase section */

/* Begin PBXSourcesBuildPhase section */
		7BE63B731E226F8B006B68D8 /* Sources */ = {
			isa = PBXSourcesBuildPhase;
			buildActionMask = 2147483647;
			files = (
				7BE63B831E226F8F006B68D8 /* DYTest.xcdatamodeld in Sources */,
				7BE63B7D1E226F8C006B68D8 /* ViewController.swift in Sources */,
				7BE63B7B1E226F8B006B68D8 /* AppDelegate.swift in Sources */,
			);
			runOnlyForDeploymentPostprocessing = 0;
		};
/* End PBXSourcesBuildPhase section */

/* Begin PBXVariantGroup section */
		7BE63B7E1E226F8D006B68D8 /* Main.storyboard */ = {
			isa = PBXVariantGroup;
			children = (
				7BE63B7F1E226F8D006B68D8 /* Base */,
			);
			name = Main.storyboard;
			sourceTree = "<group>";
		};
/* End PBXVariantGroup section */

/* Begin XCBuildConfiguration section */
		7BE63B8A1E226F90006B68D8 /* Debug */ = {
			isa = XCBuildConfiguration;
			buildSettings = {
				ALWAYS_SEARCH_USER_PATHS = NO;
				CLANG_ANALYZER_NONNULL = YES;
				CLANG_CXX_LANGUAGE_STANDARD = "gnu++0x";
				CLANG_CXX_LIBRARY = "libc++";
				CLANG_ENABLE_MODULES = YES;
				CLANG_ENABLE_OBJC_ARC = YES;
				CLANG_WARN_BOOL_CONVERSION = YES;
				CLANG_WARN_CONSTANT_CONVERSION = YES;
				CLANG_WARN_DIRECT_OBJC_ISA_USAGE = YES_ERROR;
				CLANG_WARN_DOCUMENTATION_COMMENTS = YES;
				CLANG_WARN_EMPTY_BODY = YES;
				CLANG_WARN_ENUM_CONVERSION = YES;
				CLANG_WARN_INFINITE_RECURSION = YES;
				CLANG_WARN_INT_CONVERSION = YES;
				CLANG_WARN_OBJC_ROOT_CLASS = YES_ERROR;
				CLANG_WARN_SUSPICIOUS_MOVES = YES;
				CLANG_WARN_UNREACHABLE_CODE = YES;
				CLANG_WARN__DUPLICATE_METHOD_MATCH = YES;
				"CODE_SIGN_IDENTITY[sdk=iphoneos*]" = "iPhone Developer";
				COPY_PHASE_STRIP = NO;
				DEBUG_INFORMATION_FORMAT = dwarf;
				ENABLE_STRICT_OBJC_MSGSEND = YES;
				ENABLE_TESTABILITY = YES;
				GCC_C_LANGUAGE_STANDARD = gnu99;
				GCC_DYNAMIC_NO_PIC = NO;
				GCC_NO_COMMON_BLOCKS = YES;
				GCC_OPTIMIZATION_LEVEL = 0;
				GCC_PREPROCESSOR_DEFINITIONS = (
					"DEBUG=1",
					"$(inherited)",
				);
				GCC_WARN_64_TO_32_BIT_CONVERSION = YES;
				GCC_WARN_ABOUT_RETURN_TYPE = YES_ERROR;
				GCC_WARN_UNDECLARED_SELECTOR = YES;
				GCC_WARN_UNINITIALIZED_AUTOS = YES_AGGRESSIVE;
				GCC_WARN_UNUSED_FUNCTION = YES;
				GCC_WARN_UNUSED_VARIABLE = YES;
				IPHONEOS_DEPLOYMENT_TARGET = 10.1;
				MTL_ENABLE_DEBUG_INFO = YES;
				ONLY_ACTIVE_ARCH = YES;
				SDKROOT = iphoneos;
				SWIFT_ACTIVE_COMPILATION_CONDITIONS = DEBUG;
				SWIFT_OPTIMIZATION_LEVEL = "-Onone";
			};
			name = Debug;
		};
		7BE63B8B1E226F90006B68D8 /* Release */ = {
			isa = XCBuildConfiguration;
			buildSettings = {
				ALWAYS_SEARCH_USER_PATHS = NO;
				CLANG_ANALYZER_NONNULL = YES;
				CLANG_CXX_LANGUAGE_STANDARD = "gnu++0x";
				CLANG_CXX_LIBRARY = "libc++";
				CLANG_ENABLE_MODULES = YES;
				CLANG_ENABLE_OBJC_ARC = YES;
				CLANG_WARN_BOOL_CONVERSION = YES;
				CLANG_WARN_CONSTANT_CONVERSION = YES;
				CLANG_WARN_DIRECT_OBJC_ISA_USAGE = YES_ERROR;
				CLANG_WARN_DOCUMENTATION_COMMENTS = YES;
				CLANG_WARN_EMPTY_BODY = YES;
				CLANG_WARN_ENUM_CONVERSION = YES;
				CLANG_WARN_INFINITE_RECURSION = YES;
				CLANG_WARN_INT_CONVERSION = YES;
				CLANG_WARN_OBJC_ROOT_CLASS = YES_ERROR;
				CLANG_WARN_SUSPICIOUS_MOVES = YES;
				CLANG_WARN_UNREACHABLE_CODE = YES;
				CLANG_WARN__DUPLICATE_METHOD_MATCH = YES;
				"CODE_SIGN_IDENTITY[sdk=iphoneos*]" = "iPhone Developer";
				COPY_PHASE_STRIP = NO;
				DEBUG_INFORMATION_FORMAT = "dwarf-with-dsym";
				ENABLE_NS_ASSERTIONS = NO;
				ENABLE_STRICT_OBJC_MSGSEND = YES;
				GCC_C_LANGUAGE_STANDARD = gnu99;
				GCC_NO_COMMON_BLOCKS = YES;
				GCC_WARN_64_TO_32_BIT_CONVERSION = YES;
				GCC_WARN_ABOUT_RETURN_TYPE = YES_ERROR;
				GCC_WARN_UNDECLARED_SELECTOR = YES;
				GCC_WARN_UNINITIALIZED_AUTOS = YES_AGGRESSIVE;
				GCC_WARN_UNUSED_FUNCTION = YES;
				GCC_WARN_UNUSED_VARIABLE = YES;
				IPHONEOS_DEPLOYMENT_TARGET = 10.1;
				MTL_ENABLE_DEBUG_INFO = NO;
				SDKROOT = iphoneos;
				SWIFT_OPTIMIZATION_LEVEL = "-Owholemodule";
				VALIDATE_PRODUCT = YES;
			};
			name = Release;
		};
		7BE63B8D1E226F90006B68D8 /* Debug */ = {
			isa = XCBuildConfiguration;
			buildSettings = {
				ASSETCATALOG_COMPILER_APPICON_NAME = AppIcon;
				ASSETCATALOG_COMPILER_LAUNCHIMAGE_NAME = LaunchImage;
				DEVELOPMENT_TEAM = R8PS75PU9K;
				INFOPLIST_FILE = DYTest/Info.plist;
				IPHONEOS_DEPLOYMENT_TARGET = 8.0;
				LD_RUNPATH_SEARCH_PATHS = "$(inherited) @executable_path/Frameworks";
				PRODUCT_BUNDLE_IDENTIFIER = com.DYTest;
				PRODUCT_NAME = "$(TARGET_NAME)";
				SWIFT_VERSION = 3.0;
			};
			name = Debug;
		};
		7BE63B8E1E226F90006B68D8 /* Release */ = {
			isa = XCBuildConfiguration;
			buildSettings = {
				ASSETCATALOG_COMPILER_APPICON_NAME = AppIcon;
				ASSETCATALOG_COMPILER_LAUNCHIMAGE_NAME = LaunchImage;
				DEVELOPMENT_TEAM = R8PS75PU9K;
				INFOPLIST_FILE = DYTest/Info.plist;
				IPHONEOS_DEPLOYMENT_TARGET = 8.0;
				LD_RUNPATH_SEARCH_PATHS = "$(inherited) @executable_path/Frameworks";
				PRODUCT_BUNDLE_IDENTIFIER = com.DYTest;
				PRODUCT_NAME = "$(TARGET_NAME)";
				SWIFT_VERSION = 3.0;
			};
			name = Release;
		};
/* End XCBuildConfiguration section */

/* Begin XCConfigurationList section */
		7BE63B721E226F8B006B68D8 /* Build configuration list for PBXProject "DYTest" */ = {
			isa = XCConfigurationList;
			buildConfigurations = (
				7BE63B8A1E226F90006B68D8 /* Debug */,
				7BE63B8B1E226F90006B68D8 /* Release */,
			);
			defaultConfigurationIsVisible = 0;
			defaultConfigurationName = Release;
		};
		7BE63B8C1E226F90006B68D8 /* Build configuration list for PBXNativeTarget "DYTest" */ = {
			isa = XCConfigurationList;
			buildConfigurations = (
				7BE63B8D1E226F90006B68D8 /* Debug */,
				7BE63B8E1E226F90006B68D8 /* Release */,
			);
			defaultConfigurationIsVisible = 0;
			defaultConfigurationName = Release;
		};
/* End XCConfigurationList section */

/* Begin XCVersionGroup section */
		7BE63B811E226F8F006B68D8 /* DYTest.xcdatamodeld */ = {
			isa = XCVersionGroup;
			children = (
				7BE63B821E226F8F006B68D8 /* DYTest.xcdatamodel */,
			);
			currentVersion = 7BE63B821E226F8F006B68D8 /* DYTest.xcdatamodel */;
			path = DYTest.xcdatamodeld;
			sourceTree = "<group>";
			versionGroupType = wrapper.xcdatamodel;
		};
/* End XCVersionGroup section */
	};
	rootObject = 7BE63B6F1E226F8B006B68D8 /* Project object */;
}
